
Microsoft Visual Studio Solution File, Format Version 12.00
# Visual Studio Version 17
VisualStudioVersion = 17.11.35303.130
MinimumVisualStudioVersion = 10.0.40219.1
Project("{FAE04EC0-301F-11D3-BF4B-00C04F79EFBC}") = "CRUDMARKET.WEB", "CRUDMARKET.WEB\CRUDMARKET.WEB.csproj", "{D09D5EBA-A5A3-4592-B201-E1BDDF9B8654}"
EndProject
Project("{FAE04EC0-301F-11D3-BF4B-00C04F79EFBC}") = "CRUDMARKET.API", "CRUDMARKET.API\CRUDMARKET.API.csproj", "{9D4BEF04-740D-4729-A334-D48D632C50EB}"
EndProject
Global
	GlobalSection(SolutionConfigurationPlatforms) = preSolution
		Debug|Any CPU = Debug|Any CPU
		Release|Any CPU = Release|Any CPU
	EndGlobalSection
	GlobalSection(ProjectConfigurationPlatforms) = postSolution
		{D09D5EBA-A5A3-4592-B201-E1BDDF9B8654}.Debug|Any CPU.ActiveCfg = Debug|Any CPU
		{D09D5EBA-A5A3-4592-B201-E1BDDF9B8654}.Debug|Any CPU.Build.0 = Debug|Any CPU
		{D09D5EBA-A5A3-4592-B201-E1BDDF9B8654}.Release|Any CPU.ActiveCfg = Release|Any CPU
		{D09D5EBA-A5A3-4592-B201-E1BDDF9B8654}.Release|Any CPU.Build.0 = Release|Any CPU
		{9D4BEF04-740D-4729-A334-D48D632C50EB}.Debug|Any CPU.ActiveCfg = Debug|Any CPU
		{9D4BEF04-740D-4729-A334-D48D632C50EB}.Debug|Any CPU.Build.0 = Debug|Any CPU
		{9D4BEF04-740D-4729-A334-D48D632C50EB}.Release|Any CPU.ActiveCfg = Release|Any CPU
		{9D4BEF04-740D-4729-A334-D48D632C50EB}.Release|Any CPU.Build.0 = Release|Any CPU
	EndGlobalSection
	GlobalSection(SolutionProperties) = preSolution
		HideSolutionNode = FALSE
	EndGlobalSection
	GlobalSection(ExtensibilityGlobals) = postSolution
		SolutionGuid = {72720778-8FC2-483F-B40F-967E078374CD}
	EndGlobalSection
EndGlobal
